
Microsoft Visual Studio Solution File, Format Version 12.00
# Visual Studio Version 17
VisualStudioVersion = 17.14.36119.2 d17.14
MinimumVisualStudioVersion = 10.0.40219.1
Project("{FAE04EC0-301F-11D3-BF4B-00C04F79EFBC}") = "serialization", "serialization.csproj", "{F45FB3A1-D475-4C6D-B0EF-5190EBB8D8CB}"
EndProject
Global
	GlobalSection(SolutionConfigurationPlatforms) = preSolution
		Debug|Any CPU = Debug|Any CPU
		Release|Any CPU = Release|Any CPU
	EndGlobalSection
	GlobalSection(ProjectConfigurationPlatforms) = postSolution
		{F45FB3A1-D475-4C6D-B0EF-5190EBB8D8CB}.Debug|Any CPU.ActiveCfg = Debug|Any CPU
		{F45FB3A1-D475-4C6D-B0EF-5190EBB8D8CB}.Debug|Any CPU.Build.0 = Debug|Any CPU
		{F45FB3A1-D475-4C6D-B0EF-5190EBB8D8CB}.Release|Any CPU.ActiveCfg = Release|Any CPU
		{F45FB3A1-D475-4C6D-B0EF-5190EBB8D8CB}.Release|Any CPU.Build.0 = Release|Any CPU
	EndGlobalSection
	GlobalSection(SolutionProperties) = preSolution
		HideSolutionNode = FALSE
	EndGlobalSection
	GlobalSection(ExtensibilityGlobals) = postSolution
		SolutionGuid = {81760DF2-C3C0-4117-9B55-6212237BC009}
	EndGlobalSection
EndGlobal
